
Microsoft Visual Studio Solution File, Format Version 12.00
# Visual Studio Version 16
VisualStudioVersion = 16.0.28803.202
MinimumVisualStudioVersion = 10.0.40219.1
Project("{FAE04EC0-301F-11D3-BF4B-00C04F79EFBC}") = "SB_backend", "SB_backend\SB_backend.csproj", "{973578E9-CBCF-41B7-8095-7DB6D6E7FBB5}"
EndProject
Global
	GlobalSection(SolutionConfigurationPlatforms) = preSolution
		Debug|Any CPU = Debug|Any CPU
		Release|Any CPU = Release|Any CPU
	EndGlobalSection
	GlobalSection(ProjectConfigurationPlatforms) = postSolution
		{973578E9-CBCF-41B7-8095-7DB6D6E7FBB5}.Debug|Any CPU.ActiveCfg = Debug|Any CPU
		{973578E9-CBCF-41B7-8095-7DB6D6E7FBB5}.Debug|Any CPU.Build.0 = Debug|Any CPU
		{973578E9-CBCF-41B7-8095-7DB6D6E7FBB5}.Release|Any CPU.ActiveCfg = Release|Any CPU
		{973578E9-CBCF-41B7-8095-7DB6D6E7FBB5}.Release|Any CPU.Build.0 = Release|Any CPU
	EndGlobalSection
	GlobalSection(SolutionProperties) = preSolution
		HideSolutionNode = FALSE
	EndGlobalSection
	GlobalSection(ExtensibilityGlobals) = postSolution
		SolutionGuid = {A8F42B70-839C-40E4-B99F-22729660630E}
	EndGlobalSection
EndGlobal
